PODS:
  - Introspect (0.0.6)
  - SwiftUIRefresh (0.0.2):
    - Introspect (~> 0.0.6)

DEPENDENCIES:
  - SwiftUIRefresh

SPEC REPOS:
  trunk:
    - Introspect
    - SwiftUIRefresh

SPEC CHECKSUMS:
  Introspect: 3575a13dbece038e564e4375eeac2117e64a0242
  SwiftUIRefresh: 3daa095596b5a624ea67fd0174997026b339a5bc

PODFILE CHECKSUM: c0bf7feda6104ad22f4b57e3f1b3c41ee879de25

COCOAPODS: 1.8.4
