PODS:
  - Introspect (0.0.6)
  - SwiftUIRefresh (0.0.2):
    - Introspect (~> 0.0.6)

DEPENDENCIES:
  - SwiftUIRefresh

SPEC REPOS:
  trunk:
    - Introspect
    - SwiftUIRefresh

SPEC CHECKSUMS:
  Introspect: 3575a13dbece038e564e4375eeac2117e64a0242
  SwiftUIRefresh: 3daa095596b5a624ea67fd0174997026b339a5bc

PODFILE CHECKSUM: f1ba6c1835ca2bfe4db58b49988d9a5f44c1acef

COCOAPODS: 1.8.4
